// !$*UTF8*$!
{
	archiveVersion = 1;
	classes = {
	};
	objectVersion = 48;
	objects = {

/* Begin PBXBuildFile section */
		8AE5C6E11FB3D36D00785971 /* AppDelegate.swift in Sources */ = {isa = PBXBuildFile; fileRef = 8AE5C6E01FB3D36D00785971 /* AppDelegate.swift */; };
		8AE5C6E61FB3D36D00785971 /* Main.storyboard in Resources */ = {isa = PBXBuildFile; fileRef = 8AE5C6E41FB3D36D00785971 /* Main.storyboard */; };
		8AE5C6E81FB3D36D00785971 /* Assets.xcassets in Resources */ = {isa = PBXBuildFile; fileRef = 8AE5C6E71FB3D36D00785971 /* Assets.xcassets */; };
		8AE5C6EB1FB3D36D00785971 /* LaunchScreen.storyboard in Resources */ = {isa = PBXBuildFile; fileRef = 8AE5C6E91FB3D36D00785971 /* LaunchScreen.storyboard */; };
		8AE5C6F91FB3DAED00785971 /* SplashScreenViewController.swift in Sources */ = {isa = PBXBuildFile; fileRef = 8AE5C6F81FB3DAED00785971 /* SplashScreenViewController.swift */; };
		8AE5C6FA1FB3EEFD00785971 /* Info.plist in Resources */ = {isa = PBXBuildFile; fileRef = 8AE5C6EC1FB3D36D00785971 /* Info.plist */; };
		8AE5C6FC1FB3FBDD00785971 /* LoginViewController.swift in Sources */ = {isa = PBXBuildFile; fileRef = 8AE5C6FB1FB3FBDD00785971 /* LoginViewController.swift */; };
		8AE5C6FE1FB3FBF300785971 /* BaseViewController.swift in Sources */ = {isa = PBXBuildFile; fileRef = 8AE5C6FD1FB3FBF300785971 /* BaseViewController.swift */; };
		8AE5C7001FB4100C00785971 /* Global.swift in Sources */ = {isa = PBXBuildFile; fileRef = 8AE5C6FF1FB4100C00785971 /* Global.swift */; };
		8AE5C7021FB4172500785971 /* BaseDataModel.swift in Sources */ = {isa = PBXBuildFile; fileRef = 8AE5C7011FB4172500785971 /* BaseDataModel.swift */; };
		8AE5C7041FB4173700785971 /* UserModel.swift in Sources */ = {isa = PBXBuildFile; fileRef = 8AE5C7031FB4173700785971 /* UserModel.swift */; };
		8AE5C7081FB4FF9A00785971 /* AuthenticationWebViewViewController.swift in Sources */ = {isa = PBXBuildFile; fileRef = 8AE5C7071FB4FF9A00785971 /* AuthenticationWebViewViewController.swift */; };
		8AE5C70A1FB530BF00785971 /* HomeViewController.swift in Sources */ = {isa = PBXBuildFile; fileRef = 8AE5C7091FB530BF00785971 /* HomeViewController.swift */; };
		8AE5C70C1FB53A2A00785971 /* FollwerListStyleCollectionViewCell.swift in Sources */ = {isa = PBXBuildFile; fileRef = 8AE5C70B1FB53A2A00785971 /* FollwerListStyleCollectionViewCell.swift */; };
		8AE5C70E1FB53A4B00785971 /* FollwerGridStyleCollectionViewCell.swift in Sources */ = {isa = PBXBuildFile; fileRef = 8AE5C70D1FB53A4B00785971 /* FollwerGridStyleCollectionViewCell.swift */; };
		E702311EB03974572426B804 /* Pods_SKTwitterClient.framework in Frameworks */ = {isa = PBXBuildFile; fileRef = DCF73ADDC52E836F21F37746 /* Pods_SKTwitterClient.framework */; };
/* End PBXBuildFile section */

/* Begin PBXFileReference section */
		1D287F21588E9ECE2EBDAC1E /* Pods-SKTwitterClient.debug.xcconfig */ = {isa = PBXFileReference; includeInIndex = 1; lastKnownFileType = text.xcconfig; name = "Pods-SKTwitterClient.debug.xcconfig"; path = "Pods/Target Support Files/Pods-SKTwitterClient/Pods-SKTwitterClient.debug.xcconfig"; sourceTree = "<group>"; };
		8AE5C6DD1FB3D36D00785971 /* SKTwitterClient.app */ = {isa = PBXFileReference; explicitFileType = wrapper.application; includeInIndex = 0; path = SKTwitterClient.app; sourceTree = BUILT_PRODUCTS_DIR; };
		8AE5C6E01FB3D36D00785971 /* AppDelegate.swift */ = {isa = PBXFileReference; lastKnownFileType = sourcecode.swift; path = AppDelegate.swift; sourceTree = "<group>"; };
		8AE5C6E51FB3D36D00785971 /* Base */ = {isa = PBXFileReference; lastKnownFileType = file.storyboard; name = Base; path = Base.lproj/Main.storyboard; sourceTree = "<group>"; };
		8AE5C6E71FB3D36D00785971 /* Assets.xcassets */ = {isa = PBXFileReference; lastKnownFileType = folder.assetcatalog; path = Assets.xcassets; sourceTree = "<group>"; };
		8AE5C6EA1FB3D36D00785971 /* Base */ = {isa = PBXFileReference; lastKnownFileType = file.storyboard; name = Base; path = Base.lproj/LaunchScreen.storyboard; sourceTree = "<group>"; };
		8AE5C6EC1FB3D36D00785971 /* Info.plist */ = {isa = PBXFileReference; lastKnownFileType = text.plist.xml; path = Info.plist; sourceTree = "<group>"; };
		8AE5C6F81FB3DAED00785971 /* SplashScreenViewController.swift */ = {isa = PBXFileReference; lastKnownFileType = sourcecode.swift; path = SplashScreenViewController.swift; sourceTree = "<group>"; };
		8AE5C6FB1FB3FBDD00785971 /* LoginViewController.swift */ = {isa = PBXFileReference; lastKnownFileType = sourcecode.swift; path = LoginViewController.swift; sourceTree = "<group>"; };
		8AE5C6FD1FB3FBF300785971 /* BaseViewController.swift */ = {isa = PBXFileReference; lastKnownFileType = sourcecode.swift; path = BaseViewController.swift; sourceTree = "<group>"; };
		8AE5C6FF1FB4100C00785971 /* Global.swift */ = {isa = PBXFileReference; lastKnownFileType = sourcecode.swift; path = Global.swift; sourceTree = "<group>"; };
		8AE5C7011FB4172500785971 /* BaseDataModel.swift */ = {isa = PBXFileReference; lastKnownFileType = sourcecode.swift; path = BaseDataModel.swift; sourceTree = "<group>"; };
		8AE5C7031FB4173700785971 /* UserModel.swift */ = {isa = PBXFileReference; lastKnownFileType = sourcecode.swift; path = UserModel.swift; sourceTree = "<group>"; };
		8AE5C7071FB4FF9A00785971 /* AuthenticationWebViewViewController.swift */ = {isa = PBXFileReference; lastKnownFileType = sourcecode.swift; path = AuthenticationWebViewViewController.swift; sourceTree = "<group>"; };
		8AE5C7091FB530BF00785971 /* HomeViewController.swift */ = {isa = PBXFileReference; lastKnownFileType = sourcecode.swift; path = HomeViewController.swift; sourceTree = "<group>"; };
		8AE5C70B1FB53A2A00785971 /* FollwerListStyleCollectionViewCell.swift */ = {isa = PBXFileReference; lastKnownFileType = sourcecode.swift; path = FollwerListStyleCollectionViewCell.swift; sourceTree = "<group>"; };
		8AE5C70D1FB53A4B00785971 /* FollwerGridStyleCollectionViewCell.swift */ = {isa = PBXFileReference; lastKnownFileType = sourcecode.swift; path = FollwerGridStyleCollectionViewCell.swift; sourceTree = "<group>"; };
		9F4C93E2667D1CCA53D5A61C /* Pods-SKTwitterClient.release.xcconfig */ = {isa = PBXFileReference; includeInIndex = 1; lastKnownFileType = text.xcconfig; name = "Pods-SKTwitterClient.release.xcconfig"; path = "Pods/Target Support Files/Pods-SKTwitterClient/Pods-SKTwitterClient.release.xcconfig"; sourceTree = "<group>"; };
		DCF73ADDC52E836F21F37746 /* Pods_SKTwitterClient.framework */ = {isa = PBXFileReference; explicitFileType = wrapper.framework; includeInIndex = 0; path = Pods_SKTwitterClient.framework; sourceTree = BUILT_PRODUCTS_DIR; };
/* End PBXFileReference section */

/* Begin PBXFrameworksBuildPhase section */
		8AE5C6DA1FB3D36D00785971 /* Frameworks */ = {
			isa = PBXFrameworksBuildPhase;
			buildActionMask = 2147483647;
			files = (
				E702311EB03974572426B804 /* Pods_SKTwitterClient.framework in Frameworks */,
			);
			runOnlyForDeploymentPostprocessing = 0;
		};
/* End PBXFrameworksBuildPhase section */

/* Begin PBXGroup section */
		8AE5C6D41FB3D36D00785971 = {
			isa = PBXGroup;
			children = (
				8AE5C6DF1FB3D36D00785971 /* SKTwitterClient */,
				8AE5C6DE1FB3D36D00785971 /* Products */,
				CC3C0A07B3FDC5C9921960B7 /* Pods */,
				946828EFC7475DA993C104EB /* Frameworks */,
			);
			sourceTree = "<group>";
		};
		8AE5C6DE1FB3D36D00785971 /* Products */ = {
			isa = PBXGroup;
			children = (
				8AE5C6DD1FB3D36D00785971 /* SKTwitterClient.app */,
			);
			name = Products;
			sourceTree = "<group>";
		};
		8AE5C6DF1FB3D36D00785971 /* SKTwitterClient */ = {
			isa = PBXGroup;
			children = (
				8AE5C6F71FB3DAAF00785971 /* Service Layer */,
				8AE5C6F61FB3DA9E00785971 /* Data Models */,
				8AE5C6F51FB3DA9400785971 /* Custom Cells */,
				8AE5C6F41FB3DA8C00785971 /* FrameWorks */,
				8AE5C6F31FB3DA8400785971 /* Support Files */,
				8AE5C6F21FB3DA7500785971 /* ViewControllers */,
				8AE5C6E41FB3D36D00785971 /* Main.storyboard */,
				8AE5C6E71FB3D36D00785971 /* Assets.xcassets */,
				8AE5C6E91FB3D36D00785971 /* LaunchScreen.storyboard */,
			);
			path = SKTwitterClient;
			sourceTree = "<group>";
		};
		8AE5C6F21FB3DA7500785971 /* ViewControllers */ = {
			isa = PBXGroup;
			children = (
				8AE5C6FD1FB3FBF300785971 /* BaseViewController.swift */,
				8AE5C6F81FB3DAED00785971 /* SplashScreenViewController.swift */,
				8AE5C6FB1FB3FBDD00785971 /* LoginViewController.swift */,
				8AE5C7071FB4FF9A00785971 /* AuthenticationWebViewViewController.swift */,
				8AE5C7091FB530BF00785971 /* HomeViewController.swift */,
			);
			path = ViewControllers;
			sourceTree = "<group>";
		};
		8AE5C6F31FB3DA8400785971 /* Support Files */ = {
			isa = PBXGroup;
			children = (
				8AE5C6E01FB3D36D00785971 /* AppDelegate.swift */,
				8AE5C6EC1FB3D36D00785971 /* Info.plist */,
				8AE5C6FF1FB4100C00785971 /* Global.swift */,
			);
			path = "Support Files";
			sourceTree = "<group>";
		};
		8AE5C6F41FB3DA8C00785971 /* FrameWorks */ = {
			isa = PBXGroup;
			children = (
			);
			path = FrameWorks;
			sourceTree = "<group>";
		};
		8AE5C6F51FB3DA9400785971 /* Custom Cells */ = {
			isa = PBXGroup;
			children = (
				8AE5C70B1FB53A2A00785971 /* FollwerListStyleCollectionViewCell.swift */,
				8AE5C70D1FB53A4B00785971 /* FollwerGridStyleCollectionViewCell.swift */,
			);
			path = "Custom Cells";
			sourceTree = "<group>";
		};
		8AE5C6F61FB3DA9E00785971 /* Data Models */ = {
			isa = PBXGroup;
			children = (
				8AE5C7011FB4172500785971 /* BaseDataModel.swift */,
				8AE5C7031FB4173700785971 /* UserModel.swift */,
			);
			path = "Data Models";
			sourceTree = "<group>";
		};
		8AE5C6F71FB3DAAF00785971 /* Service Layer */ = {
			isa = PBXGroup;
			children = (
			);
			path = "Service Layer";
			sourceTree = "<group>";
		};
		946828EFC7475DA993C104EB /* Frameworks */ = {
			isa = PBXGroup;
			children = (
				DCF73ADDC52E836F21F37746 /* Pods_SKTwitterClient.framework */,
			);
			name = Frameworks;
			sourceTree = "<group>";
		};
		CC3C0A07B3FDC5C9921960B7 /* Pods */ = {
			isa = PBXGroup;
			children = (
				1D287F21588E9ECE2EBDAC1E /* Pods-SKTwitterClient.debug.xcconfig */,
				9F4C93E2667D1CCA53D5A61C /* Pods-SKTwitterClient.release.xcconfig */,
			);
			name = Pods;
			sourceTree = "<group>";
		};
/* End PBXGroup section */

/* Begin PBXNativeTarget section */
		8AE5C6DC1FB3D36D00785971 /* SKTwitterClient */ = {
			isa = PBXNativeTarget;
			buildConfigurationList = 8AE5C6EF1FB3D36D00785971 /* Build configuration list for PBXNativeTarget "SKTwitterClient" */;
			buildPhases = (
				C99DC6F326C2150ABD9FB6A3 /* [CP] Check Pods Manifest.lock */,
				8AE5C6D91FB3D36D00785971 /* Sources */,
				8AE5C6DA1FB3D36D00785971 /* Frameworks */,
				8AE5C6DB1FB3D36D00785971 /* Resources */,
				6C22EC88014CBE8307DA0EF2 /* [CP] Embed Pods Frameworks */,
				53272A18703F8845AAF5DC8B /* [CP] Copy Pods Resources */,
			);
			buildRules = (
			);
			dependencies = (
			);
			name = SKTwitterClient;
			productName = SKTwitterClient;
			productReference = 8AE5C6DD1FB3D36D00785971 /* SKTwitterClient.app */;
			productType = "com.apple.product-type.application";
		};
/* End PBXNativeTarget section */

/* Begin PBXProject section */
		8AE5C6D51FB3D36D00785971 /* Project object */ = {
			isa = PBXProject;
			attributes = {
				LastSwiftUpdateCheck = 0900;
				LastUpgradeCheck = 0900;
				ORGANIZATIONNAME = SherifKhaled;
				TargetAttributes = {
					8AE5C6DC1FB3D36D00785971 = {
						CreatedOnToolsVersion = 9.0;
						ProvisioningStyle = Automatic;
					};
				};
			};
			buildConfigurationList = 8AE5C6D81FB3D36D00785971 /* Build configuration list for PBXProject "SKTwitterClient" */;
			compatibilityVersion = "Xcode 8.0";
			developmentRegion = en;
			hasScannedForEncodings = 0;
			knownRegions = (
				en,
				Base,
			);
			mainGroup = 8AE5C6D41FB3D36D00785971;
			productRefGroup = 8AE5C6DE1FB3D36D00785971 /* Products */;
			projectDirPath = "";
			projectRoot = "";
			targets = (
				8AE5C6DC1FB3D36D00785971 /* SKTwitterClient */,
			);
		};
/* End PBXProject section */

/* Begin PBXResourcesBuildPhase section */
		8AE5C6DB1FB3D36D00785971 /* Resources */ = {
			isa = PBXResourcesBuildPhase;
			buildActionMask = 2147483647;
			files = (
				8AE5C6FA1FB3EEFD00785971 /* Info.plist in Resources */,
				8AE5C6EB1FB3D36D00785971 /* LaunchScreen.storyboard in Resources */,
				8AE5C6E81FB3D36D00785971 /* Assets.xcassets in Resources */,
				8AE5C6E61FB3D36D00785971 /* Main.storyboard in Resources */,
			);
			runOnlyForDeploymentPostprocessing = 0;
		};
/* End PBXResourcesBuildPhase section */

/* Begin PBXShellScriptBuildPhase section */
		53272A18703F8845AAF5DC8B /* [CP] Copy Pods Resources */ = {
			isa = PBXShellScriptBuildPhase;
			buildActionMask = 2147483647;
			files = (
			);
			inputPaths = (
				"${SRCROOT}/Pods/Target Support Files/Pods-SKTwitterClient/Pods-SKTwitterClient-resources.sh",
				"${PODS_ROOT}/TwitterKit/iOS/TwitterKit.framework/TwitterKitResources.bundle",
				"${PODS_ROOT}/TwitterKit/iOS/TwitterKit.framework/TwitterShareExtensionUIResources.bundle",
			);
			name = "[CP] Copy Pods Resources";
			outputPaths = (
				"${TARGET_BUILD_DIR}/${UNLOCALIZED_RESOURCES_FOLDER_PATH}",
			);
			runOnlyForDeploymentPostprocessing = 0;
			shellPath = /bin/sh;
			shellScript = "\"${SRCROOT}/Pods/Target Support Files/Pods-SKTwitterClient/Pods-SKTwitterClient-resources.sh\"\n";
			showEnvVarsInLog = 0;
		};
		6C22EC88014CBE8307DA0EF2 /* [CP] Embed Pods Frameworks */ = {
			isa = PBXShellScriptBuildPhase;
			buildActionMask = 2147483647;
			files = (
			);
			inputPaths = (
				"${SRCROOT}/Pods/Target Support Files/Pods-SKTwitterClient/Pods-SKTwitterClient-frameworks.sh",
				"${BUILT_PRODUCTS_DIR}/AFNetworking/AFNetworking.framework",
				"${BUILT_PRODUCTS_DIR}/ActionSheetPicker-3.0/ActionSheetPicker_3_0.framework",
				"${BUILT_PRODUCTS_DIR}/Agrume/Agrume.framework",
				"${BUILT_PRODUCTS_DIR}/GSKStretchyHeaderView/GSKStretchyHeaderView.framework",
				"${BUILT_PRODUCTS_DIR}/RevealingSplashView/RevealingSplashView.framework",
				"${BUILT_PRODUCTS_DIR}/STTwitter/STTwitter.framework",
				"${BUILT_PRODUCTS_DIR}/SVPullToRefresh/SVPullToRefresh.framework",
			);
			name = "[CP] Embed Pods Frameworks";
			outputPaths = (
				"${TARGET_BUILD_DIR}/${FRAMEWORKS_FOLDER_PATH}/AFNetworking.framework",
				"${TARGET_BUILD_DIR}/${FRAMEWORKS_FOLDER_PATH}/ActionSheetPicker_3_0.framework",
				"${TARGET_BUILD_DIR}/${FRAMEWORKS_FOLDER_PATH}/Agrume.framework",
				"${TARGET_BUILD_DIR}/${FRAMEWORKS_FOLDER_PATH}/GSKStretchyHeaderView.framework",
				"${TARGET_BUILD_DIR}/${FRAMEWORKS_FOLDER_PATH}/RevealingSplashView.framework",
				"${TARGET_BUILD_DIR}/${FRAMEWORKS_FOLDER_PATH}/STTwitter.framework",
				"${TARGET_BUILD_DIR}/${FRAMEWORKS_FOLDER_PATH}/SVPullToRefresh.framework",
			);
			runOnlyForDeploymentPostprocessing = 0;
			shellPath = /bin/sh;
			shellScript = "\"${SRCROOT}/Pods/Target Support Files/Pods-SKTwitterClient/Pods-SKTwitterClient-frameworks.sh\"\n";
			showEnvVarsInLog = 0;
		};
		C99DC6F326C2150ABD9FB6A3 /* [CP] Check Pods Manifest.lock */ = {
			isa = PBXShellScriptBuildPhase;
			buildActionMask = 2147483647;
			files = (
			);
			inputPaths = (
				"${PODS_PODFILE_DIR_PATH}/Podfile.lock",
				"${PODS_ROOT}/Manifest.lock",
			);
			name = "[CP] Check Pods Manifest.lock";
			outputPaths = (
				"$(DERIVED_FILE_DIR)/Pods-SKTwitterClient-checkManifestLockResult.txt",
			);
			runOnlyForDeploymentPostprocessing = 0;
			shellPath = /bin/sh;
			shellScript = "diff \"${PODS_PODFILE_DIR_PATH}/Podfile.lock\" \"${PODS_ROOT}/Manifest.lock\" > /dev/null\nif [ $? != 0 ] ; then\n    # print error to STDERR\n    echo \"error: The sandbox is not in sync with the Podfile.lock. Run 'pod install' or update your CocoaPods installation.\" >&2\n    exit 1\nfi\n# This output is used by Xcode 'outputs' to avoid re-running this script phase.\necho \"SUCCESS\" > \"${SCRIPT_OUTPUT_FILE_0}\"\n";
			showEnvVarsInLog = 0;
		};
/* End PBXShellScriptBuildPhase section */

/* Begin PBXSourcesBuildPhase section */
		8AE5C6D91FB3D36D00785971 /* Sources */ = {
			isa = PBXSourcesBuildPhase;
			buildActionMask = 2147483647;
			files = (
				8AE5C6FC1FB3FBDD00785971 /* LoginViewController.swift in Sources */,
				8AE5C70E1FB53A4B00785971 /* FollwerGridStyleCollectionViewCell.swift in Sources */,
				8AE5C7041FB4173700785971 /* UserModel.swift in Sources */,
				8AE5C70C1FB53A2A00785971 /* FollwerListStyleCollectionViewCell.swift in Sources */,
				8AE5C6FE1FB3FBF300785971 /* BaseViewController.swift in Sources */,
				8AE5C6F91FB3DAED00785971 /* SplashScreenViewController.swift in Sources */,
				8AE5C7081FB4FF9A00785971 /* AuthenticationWebViewViewController.swift in Sources */,
				8AE5C70A1FB530BF00785971 /* HomeViewController.swift in Sources */,
				8AE5C7001FB4100C00785971 /* Global.swift in Sources */,
				8AE5C7021FB4172500785971 /* BaseDataModel.swift in Sources */,
				8AE5C6E11FB3D36D00785971 /* AppDelegate.swift in Sources */,
			);
			runOnlyForDeploymentPostprocessing = 0;
		};
/* End PBXSourcesBuildPhase section */

/* Begin PBXVariantGroup section */
		8AE5C6E41FB3D36D00785971 /* Main.storyboard */ = {
			isa = PBXVariantGroup;
			children = (
				8AE5C6E51FB3D36D00785971 /* Base */,
			);
			name = Main.storyboard;
			sourceTree = "<group>";
		};
		8AE5C6E91FB3D36D00785971 /* LaunchScreen.storyboard */ = {
			isa = PBXVariantGroup;
			children = (
				8AE5C6EA1FB3D36D00785971 /* Base */,
			);
			name = LaunchScreen.storyboard;
			sourceTree = "<group>";
		};
/* End PBXVariantGroup section */

/* Begin XCBuildConfiguration section */
		8AE5C6ED1FB3D36D00785971 /* Debug */ = {
			isa = XCBuildConfiguration;
			buildSettings = {
				ALWAYS_SEARCH_USER_PATHS = NO;
				CLANG_ANALYZER_NONNULL = YES;
				CLANG_ANALYZER_NUMBER_OBJECT_CONVERSION = YES_AGGRESSIVE;
				CLANG_CXX_LANGUAGE_STANDARD = "gnu++14";
				CLANG_CXX_LIBRARY = "libc++";
				CLANG_ENABLE_MODULES = YES;
				CLANG_ENABLE_OBJC_ARC = YES;
				CLANG_WARN_BLOCK_CAPTURE_AUTORELEASING = YES;
				CLANG_WARN_BOOL_CONVERSION = YES;
				CLANG_WARN_COMMA = YES;
				CLANG_WARN_CONSTANT_CONVERSION = YES;
				CLANG_WARN_DIRECT_OBJC_ISA_USAGE = YES_ERROR;
				CLANG_WARN_DOCUMENTATION_COMMENTS = YES;
				CLANG_WARN_EMPTY_BODY = YES;
				CLANG_WARN_ENUM_CONVERSION = YES;
				CLANG_WARN_INFINITE_RECURSION = YES;
				CLANG_WARN_INT_CONVERSION = YES;
				CLANG_WARN_NON_LITERAL_NULL_CONVERSION = YES;
				CLANG_WARN_OBJC_LITERAL_CONVERSION = YES;
				CLANG_WARN_OBJC_ROOT_CLASS = YES_ERROR;
				CLANG_WARN_RANGE_LOOP_ANALYSIS = YES;
				CLANG_WARN_STRICT_PROTOTYPES = YES;
				CLANG_WARN_SUSPICIOUS_MOVE = YES;
				CLANG_WARN_UNGUARDED_AVAILABILITY = YES_AGGRESSIVE;
				CLANG_WARN_UNREACHABLE_CODE = YES;
				CLANG_WARN__DUPLICATE_METHOD_MATCH = YES;
				CODE_SIGN_IDENTITY = "iPhone Developer";
				COPY_PHASE_STRIP = NO;
				DEBUG_INFORMATION_FORMAT = dwarf;
				ENABLE_STRICT_OBJC_MSGSEND = YES;
				ENABLE_TESTABILITY = YES;
				GCC_C_LANGUAGE_STANDARD = gnu11;
				GCC_DYNAMIC_NO_PIC = NO;
				GCC_NO_COMMON_BLOCKS = YES;
				GCC_OPTIMIZATION_LEVEL = 0;
				GCC_PREPROCESSOR_DEFINITIONS = (
					"DEBUG=1",
					"$(inherited)",
				);
				GCC_WARN_64_TO_32_BIT_CONVERSION = YES;
				GCC_WARN_ABOUT_RETURN_TYPE = YES_ERROR;
				GCC_WARN_UNDECLARED_SELECTOR = YES;
				GCC_WARN_UNINITIALIZED_AUTOS = YES_AGGRESSIVE;
				GCC_WARN_UNUSED_FUNCTION = YES;
				GCC_WARN_UNUSED_VARIABLE = YES;
				IPHONEOS_DEPLOYMENT_TARGET = 11.0;
				MTL_ENABLE_DEBUG_INFO = YES;
				ONLY_ACTIVE_ARCH = YES;
				SDKROOT = iphoneos;
				SWIFT_ACTIVE_COMPILATION_CONDITIONS = DEBUG;
				SWIFT_OPTIMIZATION_LEVEL = "-Onone";
			};
			name = Debug;
		};
		8AE5C6EE1FB3D36D00785971 /* Release */ = {
			isa = XCBuildConfiguration;
			buildSettings = {
				ALWAYS_SEARCH_USER_PATHS = NO;
				CLANG_ANALYZER_NONNULL = YES;
				CLANG_ANALYZER_NUMBER_OBJECT_CONVERSION = YES_AGGRESSIVE;
				CLANG_CXX_LANGUAGE_STANDARD = "gnu++14";
				CLANG_CXX_LIBRARY = "libc++";
				CLANG_ENABLE_MODULES = YES;
				CLANG_ENABLE_OBJC_ARC = YES;
				CLANG_WARN_BLOCK_CAPTURE_AUTORELEASING = YES;
				CLANG_WARN_BOOL_CONVERSION = YES;
				CLANG_WARN_COMMA = YES;
				CLANG_WARN_CONSTANT_CONVERSION = YES;
				CLANG_WARN_DIRECT_OBJC_ISA_USAGE = YES_ERROR;
				CLANG_WARN_DOCUMENTATION_COMMENTS = YES;
				CLANG_WARN_EMPTY_BODY = YES;
				CLANG_WARN_ENUM_CONVERSION = YES;
				CLANG_WARN_INFINITE_RECURSION = YES;
				CLANG_WARN_INT_CONVERSION = YES;
				CLANG_WARN_NON_LITERAL_NULL_CONVERSION = YES;
				CLANG_WARN_OBJC_LITERAL_CONVERSION = YES;
				CLANG_WARN_OBJC_ROOT_CLASS = YES_ERROR;
				CLANG_WARN_RANGE_LOOP_ANALYSIS = YES;
				CLANG_WARN_STRICT_PROTOTYPES = YES;
				CLANG_WARN_SUSPICIOUS_MOVE = YES;
				CLANG_WARN_UNGUARDED_AVAILABILITY = YES_AGGRESSIVE;
				CLANG_WARN_UNREACHABLE_CODE = YES;
				CLANG_WARN__DUPLICATE_METHOD_MATCH = YES;
				CODE_SIGN_IDENTITY = "iPhone Developer";
				COPY_PHASE_STRIP = NO;
				DEBUG_INFORMATION_FORMAT = "dwarf-with-dsym";
				ENABLE_NS_ASSERTIONS = NO;
				ENABLE_STRICT_OBJC_MSGSEND = YES;
				GCC_C_LANGUAGE_STANDARD = gnu11;
				GCC_NO_COMMON_BLOCKS = YES;
				GCC_WARN_64_TO_32_BIT_CONVERSION = YES;
				GCC_WARN_ABOUT_RETURN_TYPE = YES_ERROR;
				GCC_WARN_UNDECLARED_SELECTOR = YES;
				GCC_WARN_UNINITIALIZED_AUTOS = YES_AGGRESSIVE;
				GCC_WARN_UNUSED_FUNCTION = YES;
				GCC_WARN_UNUSED_VARIABLE = YES;
				IPHONEOS_DEPLOYMENT_TARGET = 11.0;
				MTL_ENABLE_DEBUG_INFO = NO;
				SDKROOT = iphoneos;
				SWIFT_OPTIMIZATION_LEVEL = "-Owholemodule";
				VALIDATE_PRODUCT = YES;
			};
			name = Release;
		};
		8AE5C6F01FB3D36D00785971 /* Debug */ = {
			isa = XCBuildConfiguration;
			baseConfigurationReference = 1D287F21588E9ECE2EBDAC1E /* Pods-SKTwitterClient.debug.xcconfig */;
			buildSettings = {
				ASSETCATALOG_COMPILER_APPICON_NAME = AppIcon;
				CODE_SIGN_STYLE = Automatic;
				DEVELOPMENT_TEAM = 2P8C73SR9M;
				INFOPLIST_FILE = "$(SRCROOT)/SKTwitterClient/Support Files/Info.plist";
				IPHONEOS_DEPLOYMENT_TARGET = 9.0;
				LD_RUNPATH_SEARCH_PATHS = "$(inherited) @executable_path/Frameworks";
				PRODUCT_BUNDLE_IDENTIFIER = SherifKhaled.SKTwitterClient;
				PRODUCT_NAME = "$(TARGET_NAME)";
				SWIFT_VERSION = 4.0;
				TARGETED_DEVICE_FAMILY = "1,2";
			};
			name = Debug;
		};
		8AE5C6F11FB3D36D00785971 /* Release */ = {
			isa = XCBuildConfiguration;
			baseConfigurationReference = 9F4C93E2667D1CCA53D5A61C /* Pods-SKTwitterClient.release.xcconfig */;
			buildSettings = {
				ASSETCATALOG_COMPILER_APPICON_NAME = AppIcon;
				CODE_SIGN_STYLE = Automatic;
				DEVELOPMENT_TEAM = 2P8C73SR9M;
				INFOPLIST_FILE = "$(SRCROOT)/SKTwitterClient/Support Files/Info.plist";
				IPHONEOS_DEPLOYMENT_TARGET = 9.0;
				LD_RUNPATH_SEARCH_PATHS = "$(inherited) @executable_path/Frameworks";
				PRODUCT_BUNDLE_IDENTIFIER = SherifKhaled.SKTwitterClient;
				PRODUCT_NAME = "$(TARGET_NAME)";
				SWIFT_VERSION = 4.0;
				TARGETED_DEVICE_FAMILY = "1,2";
			};
			name = Release;
		};
/* End XCBuildConfiguration section */

/* Begin XCConfigurationList section */
		8AE5C6D81FB3D36D00785971 /* Build configuration list for PBXProject "SKTwitterClient" */ = {
			isa = XCConfigurationList;
			buildConfigurations = (
				8AE5C6ED1FB3D36D00785971 /* Debug */,
				8AE5C6EE1FB3D36D00785971 /* Release */,
			);
			defaultConfigurationIsVisible = 0;
			defaultConfigurationName = Release;
		};
		8AE5C6EF1FB3D36D00785971 /* Build configuration list for PBXNativeTarget "SKTwitterClient" */ = {
			isa = XCConfigurationList;
			buildConfigurations = (
				8AE5C6F01FB3D36D00785971 /* Debug */,
				8AE5C6F11FB3D36D00785971 /* Release */,
			);
			defaultConfigurationIsVisible = 0;
			defaultConfigurationName = Release;
		};
/* End XCConfigurationList section */
	};
	rootObject = 8AE5C6D51FB3D36D00785971 /* Project object */;
}
